
Microsoft Visual Studio Solution File, Format Version 12.00
# Visual Studio Version 17
VisualStudioVersion = 17.14.36212.18 d17.14
MinimumVisualStudioVersion = 10.0.40219.1
Project("{FAE04EC0-301F-11D3-BF4B-00C04F79EFBC}") = "Zentr1xAcademyAPI", "Zentr1xAcademyAPI\Zentr1xAcademyAPI.csproj", "{9A8CEA87-84C0-4A48-BD64-0CA1AACE1118}"
EndProject
Project("{FAE04EC0-301F-11D3-BF4B-00C04F79EFBC}") = "Domain", "Domain\Domain.csproj", "{8AC66386-7FBB-448A-BB7A-A2EE8D0D6ED2}"
EndProject
Project("{FAE04EC0-301F-11D3-BF4B-00C04F79EFBC}") = "Infrastructure", "Infrastructure\Infrastructure.csproj", "{5C61EA60-F211-4A4A-B2A8-164D3D83E6A4}"
EndProject
Global
	GlobalSection(SolutionConfigurationPlatforms) = preSolution
		Debug|Any CPU = Debug|Any CPU
		Release|Any CPU = Release|Any CPU
	EndGlobalSection
	GlobalSection(ProjectConfigurationPlatforms) = postSolution
		{9A8CEA87-84C0-4A48-BD64-0CA1AACE1118}.Debug|Any CPU.ActiveCfg = Debug|Any CPU
		{9A8CEA87-84C0-4A48-BD64-0CA1AACE1118}.Debug|Any CPU.Build.0 = Debug|Any CPU
		{9A8CEA87-84C0-4A48-BD64-0CA1AACE1118}.Release|Any CPU.ActiveCfg = Release|Any CPU
		{9A8CEA87-84C0-4A48-BD64-0CA1AACE1118}.Release|Any CPU.Build.0 = Release|Any CPU
		{8AC66386-7FBB-448A-BB7A-A2EE8D0D6ED2}.Debug|Any CPU.ActiveCfg = Debug|Any CPU
		{8AC66386-7FBB-448A-BB7A-A2EE8D0D6ED2}.Debug|Any CPU.Build.0 = Debug|Any CPU
		{8AC66386-7FBB-448A-BB7A-A2EE8D0D6ED2}.Release|Any CPU.ActiveCfg = Release|Any CPU
		{8AC66386-7FBB-448A-BB7A-A2EE8D0D6ED2}.Release|Any CPU.Build.0 = Release|Any CPU
		{5C61EA60-F211-4A4A-B2A8-164D3D83E6A4}.Debug|Any CPU.ActiveCfg = Debug|Any CPU
		{5C61EA60-F211-4A4A-B2A8-164D3D83E6A4}.Debug|Any CPU.Build.0 = Debug|Any CPU
		{5C61EA60-F211-4A4A-B2A8-164D3D83E6A4}.Release|Any CPU.ActiveCfg = Release|Any CPU
		{5C61EA60-F211-4A4A-B2A8-164D3D83E6A4}.Release|Any CPU.Build.0 = Release|Any CPU
	EndGlobalSection
	GlobalSection(SolutionProperties) = preSolution
		HideSolutionNode = FALSE
	EndGlobalSection
	GlobalSection(ExtensibilityGlobals) = postSolution
		SolutionGuid = {5C78DB11-EA18-4086-B4F1-7E894D1443EA}
	EndGlobalSection
EndGlobal
